
Microsoft Visual Studio Solution File, Format Version 12.00
# Visual Studio 15
VisualStudioVersion = 15.0.28010.2050
MinimumVisualStudioVersion = 10.0.40219.1
Project("{FAE04EC0-301F-11D3-BF4B-00C04F79EFBC}") = "hello world", "hello world\hello world.csproj", "{1B3785D3-507E-4A30-89F9-1C8278E73311}"
EndProject
Global
	GlobalSection(SolutionConfigurationPlatforms) = preSolution
		Debug|Any CPU = Debug|Any CPU
		Release|Any CPU = Release|Any CPU
	EndGlobalSection
	GlobalSection(ProjectConfigurationPlatforms) = postSolution
		{1B3785D3-507E-4A30-89F9-1C8278E73311}.Debug|Any CPU.ActiveCfg = Debug|Any CPU
		{1B3785D3-507E-4A30-89F9-1C8278E73311}.Debug|Any CPU.Build.0 = Debug|Any CPU
		{1B3785D3-507E-4A30-89F9-1C8278E73311}.Release|Any CPU.ActiveCfg = Release|Any CPU
		{1B3785D3-507E-4A30-89F9-1C8278E73311}.Release|Any CPU.Build.0 = Release|Any CPU
	EndGlobalSection
	GlobalSection(SolutionProperties) = preSolution
		HideSolutionNode = FALSE
	EndGlobalSection
	GlobalSection(ExtensibilityGlobals) = postSolution
		SolutionGuid = {F55C4C5B-7CB1-4F6E-99ED-25D02641B8D8}
	EndGlobalSection
EndGlobal
